<Solution>
  <Folder Name="/samples/">
    <Project Path="samples/ModernPDF.Samples/ModernPDF.Samples.csproj" />
  </Folder>
  <Folder Name="/src/">
    <Project Path="src/ModernPDF/ModernPDF.csproj" />
  </Folder>
  <Folder Name="/tests/">
    <Project Path="tests/ModernPDF.Tests/ModernPDF.Tests.csproj" />
    <Project Path="tests/ModernPDF.CorpusTests/ModernPDF.CorpusTests.csproj" />
  </Folder>
</Solution>
